// !$*UTF8*$!
{
	archiveVersion = 1;
	classes = {
	};
	objectVersion = 50;
	objects = {

/* Begin PBXBuildFile section */
		050A8EF32416D00D00672735 /* CalendarEventsCell.swift in Sources */ = {isa = PBXBuildFile; fileRef = 050A8EF22416D00D00672735 /* CalendarEventsCell.swift */; };
		050A8F0A2416DDE800672735 /* Roboto-BoldCondensed.ttf in Resources */ = {isa = PBXBuildFile; fileRef = 050A8EF92416DDE700672735 /* Roboto-BoldCondensed.ttf */; };
		050A8F0B2416DDE800672735 /* Roboto-Bold.ttf in Resources */ = {isa = PBXBuildFile; fileRef = 050A8EFA2416DDE700672735 /* Roboto-Bold.ttf */; };
		050A8F0C2416DDE800672735 /* Roboto-Condensed.ttf in Resources */ = {isa = PBXBuildFile; fileRef = 050A8EFB2416DDE700672735 /* Roboto-Condensed.ttf */; };
		050A8F0D2416DDE800672735 /* Roboto-CondensedItalic.ttf in Resources */ = {isa = PBXBuildFile; fileRef = 050A8EFC2416DDE700672735 /* Roboto-CondensedItalic.ttf */; };
		050A8F0E2416DDE800672735 /* Roboto-BoldCondensedItalic.ttf in Resources */ = {isa = PBXBuildFile; fileRef = 050A8EFD2416DDE700672735 /* Roboto-BoldCondensedItalic.ttf */; };
		050A8F0F2416DDE800672735 /* Roboto-ThinItalic.ttf in Resources */ = {isa = PBXBuildFile; fileRef = 050A8EFE2416DDE700672735 /* Roboto-ThinItalic.ttf */; };
		050A8F102416DDE800672735 /* Roboto-Regular.ttf in Resources */ = {isa = PBXBuildFile; fileRef = 050A8EFF2416DDE700672735 /* Roboto-Regular.ttf */; };
		050A8F112416DDE800672735 /* Roboto-Italic.ttf in Resources */ = {isa = PBXBuildFile; fileRef = 050A8F002416DDE800672735 /* Roboto-Italic.ttf */; };
		050A8F132416DDE800672735 /* Roboto-MediumItalic.ttf in Resources */ = {isa = PBXBuildFile; fileRef = 050A8F022416DDE800672735 /* Roboto-MediumItalic.ttf */; };
		050A8F142416DDE800672735 /* Roboto-BoldItalic.ttf in Resources */ = {isa = PBXBuildFile; fileRef = 050A8F032416DDE800672735 /* Roboto-BoldItalic.ttf */; };
		050A8F152416DDE800672735 /* Roboto-Light.ttf in Resources */ = {isa = PBXBuildFile; fileRef = 050A8F042416DDE800672735 /* Roboto-Light.ttf */; };
		050A8F162416DDE800672735 /* Roboto-BlackItalic.ttf in Resources */ = {isa = PBXBuildFile; fileRef = 050A8F052416DDE800672735 /* Roboto-BlackItalic.ttf */; };
		050A8F172416DDE800672735 /* Roboto-Thin.ttf in Resources */ = {isa = PBXBuildFile; fileRef = 050A8F062416DDE800672735 /* Roboto-Thin.ttf */; };
		050A8F182416DDE800672735 /* Roboto-LightItalic.ttf in Resources */ = {isa = PBXBuildFile; fileRef = 050A8F072416DDE800672735 /* Roboto-LightItalic.ttf */; };
		050A8F192416DDE800672735 /* Roboto-Black.ttf in Resources */ = {isa = PBXBuildFile; fileRef = 050A8F082416DDE800672735 /* Roboto-Black.ttf */; };
		050A8F1A2416DDE800672735 /* Roboto-Medium.ttf in Resources */ = {isa = PBXBuildFile; fileRef = 050A8F092416DDE800672735 /* Roboto-Medium.ttf */; };
		050A8F1C2416E87A00672735 /* AddToCalendarViewController.swift in Sources */ = {isa = PBXBuildFile; fileRef = 050A8F1B2416E87A00672735 /* AddToCalendarViewController.swift */; };
		0515DAC424198A1600979117 /* ActiveDayDelegateDataSource.swift in Sources */ = {isa = PBXBuildFile; fileRef = 0515DAC324198A1600979117 /* ActiveDayDelegateDataSource.swift */; };
		0515DAC624198AE300979117 /* ActiveMonthDataSource.swift in Sources */ = {isa = PBXBuildFile; fileRef = 0515DAC524198AE300979117 /* ActiveMonthDataSource.swift */; };
		0515DAC824198B3300979117 /* ActiveMonthDelegate.swift in Sources */ = {isa = PBXBuildFile; fileRef = 0515DAC724198B3300979117 /* ActiveMonthDelegate.swift */; };
		0515DACB24198CFB00979117 /* CalendarDataManager.swift in Sources */ = {isa = PBXBuildFile; fileRef = 0515DACA24198CFB00979117 /* CalendarDataManager.swift */; };
		0515DACD2419900500979117 /* MonthsDelegate.swift in Sources */ = {isa = PBXBuildFile; fileRef = 0515DACC2419900500979117 /* MonthsDelegate.swift */; };
		0515DACF2419900D00979117 /* MonthsDataSource.swift in Sources */ = {isa = PBXBuildFile; fileRef = 0515DACE2419900D00979117 /* MonthsDataSource.swift */; };
		0515DAD1241994FF00979117 /* MonthCell.swift in Sources */ = {isa = PBXBuildFile; fileRef = 0515DAD0241994FF00979117 /* MonthCell.swift */; };
		052E2B11240AF2510094DE9A /* AppDelegate.swift in Sources */ = {isa = PBXBuildFile; fileRef = 052E2B10240AF2510094DE9A /* AppDelegate.swift */; };
		052E2B18240AF2510094DE9A /* Main.storyboard in Resources */ = {isa = PBXBuildFile; fileRef = 052E2B16240AF2510094DE9A /* Main.storyboard */; };
		052E2B1B240AF2510094DE9A /* calendar.xcdatamodeld in Sources */ = {isa = PBXBuildFile; fileRef = 052E2B19240AF2510094DE9A /* calendar.xcdatamodeld */; };
		052E2B1D240AF2530094DE9A /* Assets.xcassets in Resources */ = {isa = PBXBuildFile; fileRef = 052E2B1C240AF2530094DE9A /* Assets.xcassets */; };
		052E2B20240AF2530094DE9A /* LaunchScreen.storyboard in Resources */ = {isa = PBXBuildFile; fileRef = 052E2B1E240AF2530094DE9A /* LaunchScreen.storyboard */; };
		052E2B2B240AF2540094DE9A /* calendarTests.swift in Sources */ = {isa = PBXBuildFile; fileRef = 052E2B2A240AF2540094DE9A /* calendarTests.swift */; };
		052E2B36240AF2540094DE9A /* calendarUITests.swift in Sources */ = {isa = PBXBuildFile; fileRef = 052E2B35240AF2540094DE9A /* calendarUITests.swift */; };
		052E2B4B240AF4040094DE9A /* HomeSectionPagingViewController.swift in Sources */ = {isa = PBXBuildFile; fileRef = 052E2B4A240AF4040094DE9A /* HomeSectionPagingViewController.swift */; };
		052E2B4D240AF44A0094DE9A /* SettingsViewController.swift in Sources */ = {isa = PBXBuildFile; fileRef = 052E2B4C240AF44A0094DE9A /* SettingsViewController.swift */; };
		052E2B4F240AF4540094DE9A /* TodaySectionViewController.swift in Sources */ = {isa = PBXBuildFile; fileRef = 052E2B4E240AF4540094DE9A /* TodaySectionViewController.swift */; };
		052E2B51240AF4600094DE9A /* UpcomingEventsViewController.swift in Sources */ = {isa = PBXBuildFile; fileRef = 052E2B50240AF4600094DE9A /* UpcomingEventsViewController.swift */; };
		052E2B53240AF4690094DE9A /* CalendarViewController.swift in Sources */ = {isa = PBXBuildFile; fileRef = 052E2B52240AF4690094DE9A /* CalendarViewController.swift */; };
		052E2B59240B0ADC0094DE9A /* TodaySectionViewController.storyboard in Resources */ = {isa = PBXBuildFile; fileRef = 052E2B58240B0ADC0094DE9A /* TodaySectionViewController.storyboard */; };
		052E2B6E240B14190094DE9A /* Rightland.otf in Resources */ = {isa = PBXBuildFile; fileRef = 052E2B6D240B14190094DE9A /* Rightland.otf */; };
		052E2B71240B14DE0094DE9A /* GradientView.swift in Sources */ = {isa = PBXBuildFile; fileRef = 052E2B70240B14DE0094DE9A /* GradientView.swift */; };
		052E2B75240B1D6B0094DE9A /* SetupViewController.swift in Sources */ = {isa = PBXBuildFile; fileRef = 052E2B74240B1D6B0094DE9A /* SetupViewController.swift */; };
		052E2B77240B21790094DE9A /* AvatarCollectionViewCell.swift in Sources */ = {isa = PBXBuildFile; fileRef = 052E2B76240B21790094DE9A /* AvatarCollectionViewCell.swift */; };
		053665EF24140107000887BD /* CoreDataManager.swift in Sources */ = {isa = PBXBuildFile; fileRef = 053665EE24140107000887BD /* CoreDataManager.swift */; };
		053665F1241405FD000887BD /* DateManager.swift in Sources */ = {isa = PBXBuildFile; fileRef = 053665F0241405FD000887BD /* DateManager.swift */; };
		054CB1BD241418E70060C644 /* Year+CoreDataClass.swift in Sources */ = {isa = PBXBuildFile; fileRef = 054CB1BB241418E70060C644 /* Year+CoreDataClass.swift */; };
		054CB1BE241418E70060C644 /* Year+CoreDataProperties.swift in Sources */ = {isa = PBXBuildFile; fileRef = 054CB1BC241418E70060C644 /* Year+CoreDataProperties.swift */; };
		054CB1C72414190A0060C644 /* Calendar+CoreDataClass.swift in Sources */ = {isa = PBXBuildFile; fileRef = 054CB1BF2414190A0060C644 /* Calendar+CoreDataClass.swift */; };
		054CB1C82414190A0060C644 /* Calendar+CoreDataProperties.swift in Sources */ = {isa = PBXBuildFile; fileRef = 054CB1C02414190A0060C644 /* Calendar+CoreDataProperties.swift */; };
		054CB1C92414190A0060C644 /* Month+CoreDataClass.swift in Sources */ = {isa = PBXBuildFile; fileRef = 054CB1C12414190A0060C644 /* Month+CoreDataClass.swift */; };
		054CB1CA2414190A0060C644 /* Month+CoreDataProperties.swift in Sources */ = {isa = PBXBuildFile; fileRef = 054CB1C22414190A0060C644 /* Month+CoreDataProperties.swift */; };
		054CB1CD2414190A0060C644 /* Event+CoreDataClass.swift in Sources */ = {isa = PBXBuildFile; fileRef = 054CB1C52414190A0060C644 /* Event+CoreDataClass.swift */; };
		054CB1CE2414190A0060C644 /* Event+CoreDataProperties.swift in Sources */ = {isa = PBXBuildFile; fileRef = 054CB1C62414190A0060C644 /* Event+CoreDataProperties.swift */; };
		05BEAD8F248C1AF5002DADD4 /* CalendarViewController.storyboard in Resources */ = {isa = PBXBuildFile; fileRef = 05BEAD8E248C1AF5002DADD4 /* CalendarViewController.storyboard */; };
		05E9C6A8241307A900579AD7 /* DayCell.swift in Sources */ = {isa = PBXBuildFile; fileRef = 05E9C6A7241307A900579AD7 /* DayCell.swift */; };
		05FA84DB24141FF8009196F5 /* Months.swift in Sources */ = {isa = PBXBuildFile; fileRef = 05FA84DA24141FF8009196F5 /* Months.swift */; };
		05FA84DE24142816009196F5 /* Day+CoreDataClass.swift in Sources */ = {isa = PBXBuildFile; fileRef = 05FA84DC24142816009196F5 /* Day+CoreDataClass.swift */; };
		05FA84DF24142816009196F5 /* Day+CoreDataProperties.swift in Sources */ = {isa = PBXBuildFile; fileRef = 05FA84DD24142816009196F5 /* Day+CoreDataProperties.swift */; };
		05FFD0D52494D5C200557D30 /* cat.gif in Resources */ = {isa = PBXBuildFile; fileRef = 05FFD0D42494D5C100557D30 /* cat.gif */; };
		05FFD0D72495491900557D30 /* StartupViewController.swift in Sources */ = {isa = PBXBuildFile; fileRef = 05FFD0D62495491900557D30 /* StartupViewController.swift */; };
/* End PBXBuildFile section */

/* Begin PBXContainerItemProxy section */
		052E2B27240AF2540094DE9A /* PBXContainerItemProxy */ = {
			isa = PBXContainerItemProxy;
			containerPortal = 052E2B05240AF2510094DE9A /* Project object */;
			proxyType = 1;
			remoteGlobalIDString = 052E2B0C240AF2510094DE9A;
			remoteInfo = calendar;
		};
		052E2B32240AF2540094DE9A /* PBXContainerItemProxy */ = {
			isa = PBXContainerItemProxy;
			containerPortal = 052E2B05240AF2510094DE9A /* Project object */;
			proxyType = 1;
			remoteGlobalIDString = 052E2B0C240AF2510094DE9A;
			remoteInfo = calendar;
		};
/* End PBXContainerItemProxy section */

/* Begin PBXFileReference section */
		050A8EF22416D00D00672735 /* CalendarEventsCell.swift */ = {isa = PBXFileReference; lastKnownFileType = sourcecode.swift; path = CalendarEventsCell.swift; sourceTree = "<group>"; };
		050A8EF92416DDE700672735 /* Roboto-BoldCondensed.ttf */ = {isa = PBXFileReference; lastKnownFileType = file; path = "Roboto-BoldCondensed.ttf"; sourceTree = "<group>"; };
		050A8EFA2416DDE700672735 /* Roboto-Bold.ttf */ = {isa = PBXFileReference; lastKnownFileType = file; path = "Roboto-Bold.ttf"; sourceTree = "<group>"; };
		050A8EFB2416DDE700672735 /* Roboto-Condensed.ttf */ = {isa = PBXFileReference; lastKnownFileType = file; path = "Roboto-Condensed.ttf"; sourceTree = "<group>"; };
		050A8EFC2416DDE700672735 /* Roboto-CondensedItalic.ttf */ = {isa = PBXFileReference; lastKnownFileType = file; path = "Roboto-CondensedItalic.ttf"; sourceTree = "<group>"; };
		050A8EFD2416DDE700672735 /* Roboto-BoldCondensedItalic.ttf */ = {isa = PBXFileReference; lastKnownFileType = file; path = "Roboto-BoldCondensedItalic.ttf"; sourceTree = "<group>"; };
		050A8EFE2416DDE700672735 /* Roboto-ThinItalic.ttf */ = {isa = PBXFileReference; lastKnownFileType = file; path = "Roboto-ThinItalic.ttf"; sourceTree = "<group>"; };
		050A8EFF2416DDE700672735 /* Roboto-Regular.ttf */ = {isa = PBXFileReference; lastKnownFileType = file; path = "Roboto-Regular.ttf"; sourceTree = "<group>"; };
		050A8F002416DDE800672735 /* Roboto-Italic.ttf */ = {isa = PBXFileReference; lastKnownFileType = file; path = "Roboto-Italic.ttf"; sourceTree = "<group>"; };
		050A8F022416DDE800672735 /* Roboto-MediumItalic.ttf */ = {isa = PBXFileReference; lastKnownFileType = file; path = "Roboto-MediumItalic.ttf"; sourceTree = "<group>"; };
		050A8F032416DDE800672735 /* Roboto-BoldItalic.ttf */ = {isa = PBXFileReference; lastKnownFileType = file; path = "Roboto-BoldItalic.ttf"; sourceTree = "<group>"; };
		050A8F042416DDE800672735 /* Roboto-Light.ttf */ = {isa = PBXFileReference; lastKnownFileType = file; path = "Roboto-Light.ttf"; sourceTree = "<group>"; };
		050A8F052416DDE800672735 /* Roboto-BlackItalic.ttf */ = {isa = PBXFileReference; lastKnownFileType = file; path = "Roboto-BlackItalic.ttf"; sourceTree = "<group>"; };
		050A8F062416DDE800672735 /* Roboto-Thin.ttf */ = {isa = PBXFileReference; lastKnownFileType = file; path = "Roboto-Thin.ttf"; sourceTree = "<group>"; };
		050A8F072416DDE800672735 /* Roboto-LightItalic.ttf */ = {isa = PBXFileReference; lastKnownFileType = file; path = "Roboto-LightItalic.ttf"; sourceTree = "<group>"; };
		050A8F082416DDE800672735 /* Roboto-Black.ttf */ = {isa = PBXFileReference; lastKnownFileType = file; path = "Roboto-Black.ttf"; sourceTree = "<group>"; };
		050A8F092416DDE800672735 /* Roboto-Medium.ttf */ = {isa = PBXFileReference; lastKnownFileType = file; path = "Roboto-Medium.ttf"; sourceTree = "<group>"; };
		050A8F1B2416E87A00672735 /* AddToCalendarViewController.swift */ = {isa = PBXFileReference; lastKnownFileType = sourcecode.swift; path = AddToCalendarViewController.swift; sourceTree = "<group>"; };
		0515DAC324198A1600979117 /* ActiveDayDelegateDataSource.swift */ = {isa = PBXFileReference; lastKnownFileType = sourcecode.swift; path = ActiveDayDelegateDataSource.swift; sourceTree = "<group>"; };
		0515DAC524198AE300979117 /* ActiveMonthDataSource.swift */ = {isa = PBXFileReference; lastKnownFileType = sourcecode.swift; path = ActiveMonthDataSource.swift; sourceTree = "<group>"; };
		0515DAC724198B3300979117 /* ActiveMonthDelegate.swift */ = {isa = PBXFileReference; lastKnownFileType = sourcecode.swift; path = ActiveMonthDelegate.swift; sourceTree = "<group>"; };
		0515DACA24198CFB00979117 /* CalendarDataManager.swift */ = {isa = PBXFileReference; lastKnownFileType = sourcecode.swift; path = CalendarDataManager.swift; sourceTree = "<group>"; };
		0515DACC2419900500979117 /* MonthsDelegate.swift */ = {isa = PBXFileReference; lastKnownFileType = sourcecode.swift; path = MonthsDelegate.swift; sourceTree = "<group>"; };
		0515DACE2419900D00979117 /* MonthsDataSource.swift */ = {isa = PBXFileReference; lastKnownFileType = sourcecode.swift; path = MonthsDataSource.swift; sourceTree = "<group>"; };
		0515DAD0241994FF00979117 /* MonthCell.swift */ = {isa = PBXFileReference; lastKnownFileType = sourcecode.swift; path = MonthCell.swift; sourceTree = "<group>"; };
		052E2B0D240AF2510094DE9A /* calendar.app */ = {isa = PBXFileReference; explicitFileType = wrapper.application; includeInIndex = 0; path = calendar.app; sourceTree = BUILT_PRODUCTS_DIR; };
		052E2B10240AF2510094DE9A /* AppDelegate.swift */ = {isa = PBXFileReference; lastKnownFileType = sourcecode.swift; path = AppDelegate.swift; sourceTree = "<group>"; };
		052E2B17240AF2510094DE9A /* Base */ = {isa = PBXFileReference; lastKnownFileType = file.storyboard; name = Base; path = Base.lproj/Main.storyboard; sourceTree = "<group>"; };
		052E2B1A240AF2510094DE9A /* calendar.xcdatamodel */ = {isa = PBXFileReference; lastKnownFileType = wrapper.xcdatamodel; path = calendar.xcdatamodel; sourceTree = "<group>"; };
		052E2B1C240AF2530094DE9A /* Assets.xcassets */ = {isa = PBXFileReference; lastKnownFileType = folder.assetcatalog; path = Assets.xcassets; sourceTree = "<group>"; };
		052E2B1F240AF2530094DE9A /* Base */ = {isa = PBXFileReference; lastKnownFileType = file.storyboard; name = Base; path = Base.lproj/LaunchScreen.storyboard; sourceTree = "<group>"; };
		052E2B21240AF2530094DE9A /* Info.plist */ = {isa = PBXFileReference; lastKnownFileType = text.plist.xml; path = Info.plist; sourceTree = "<group>"; };
		052E2B26240AF2540094DE9A /* calendarTests.xctest */ = {isa = PBXFileReference; explicitFileType = wrapper.cfbundle; includeInIndex = 0; path = calendarTests.xctest; sourceTree = BUILT_PRODUCTS_DIR; };
		052E2B2A240AF2540094DE9A /* calendarTests.swift */ = {isa = PBXFileReference; lastKnownFileType = sourcecode.swift; path = calendarTests.swift; sourceTree = "<group>"; };
		052E2B2C240AF2540094DE9A /* Info.plist */ = {isa = PBXFileReference; lastKnownFileType = text.plist.xml; path = Info.plist; sourceTree = "<group>"; };
		052E2B31240AF2540094DE9A /* calendarUITests.xctest */ = {isa = PBXFileReference; explicitFileType = wrapper.cfbundle; includeInIndex = 0; path = calendarUITests.xctest; sourceTree = BUILT_PRODUCTS_DIR; };
		052E2B35240AF2540094DE9A /* calendarUITests.swift */ = {isa = PBXFileReference; lastKnownFileType = sourcecode.swift; path = calendarUITests.swift; sourceTree = "<group>"; };
		052E2B37240AF2540094DE9A /* Info.plist */ = {isa = PBXFileReference; lastKnownFileType = text.plist.xml; path = Info.plist; sourceTree = "<group>"; };
		052E2B4A240AF4040094DE9A /* HomeSectionPagingViewController.swift */ = {isa = PBXFileReference; lastKnownFileType = sourcecode.swift; path = HomeSectionPagingViewController.swift; sourceTree = "<group>"; };
		052E2B4C240AF44A0094DE9A /* SettingsViewController.swift */ = {isa = PBXFileReference; lastKnownFileType = sourcecode.swift; path = SettingsViewController.swift; sourceTree = "<group>"; };
		052E2B4E240AF4540094DE9A /* TodaySectionViewController.swift */ = {isa = PBXFileReference; lastKnownFileType = sourcecode.swift; path = TodaySectionViewController.swift; sourceTree = "<group>"; };
		052E2B50240AF4600094DE9A /* UpcomingEventsViewController.swift */ = {isa = PBXFileReference; lastKnownFileType = sourcecode.swift; path = UpcomingEventsViewController.swift; sourceTree = "<group>"; };
		052E2B52240AF4690094DE9A /* CalendarViewController.swift */ = {isa = PBXFileReference; lastKnownFileType = sourcecode.swift; path = CalendarViewController.swift; sourceTree = "<group>"; };
		052E2B58240B0ADC0094DE9A /* TodaySectionViewController.storyboard */ = {isa = PBXFileReference; lastKnownFileType = file.storyboard; path = TodaySectionViewController.storyboard; sourceTree = "<group>"; };
		052E2B6D240B14190094DE9A /* Rightland.otf */ = {isa = PBXFileReference; lastKnownFileType = file; path = Rightland.otf; sourceTree = "<group>"; };
		052E2B70240B14DE0094DE9A /* GradientView.swift */ = {isa = PBXFileReference; lastKnownFileType = sourcecode.swift; path = GradientView.swift; sourceTree = "<group>"; };
		052E2B74240B1D6B0094DE9A /* SetupViewController.swift */ = {isa = PBXFileReference; lastKnownFileType = sourcecode.swift; path = SetupViewController.swift; sourceTree = "<group>"; };
		052E2B76240B21790094DE9A /* AvatarCollectionViewCell.swift */ = {isa = PBXFileReference; lastKnownFileType = sourcecode.swift; path = AvatarCollectionViewCell.swift; sourceTree = "<group>"; };
		053665EE24140107000887BD /* CoreDataManager.swift */ = {isa = PBXFileReference; lastKnownFileType = sourcecode.swift; path = CoreDataManager.swift; sourceTree = "<group>"; };
		053665F0241405FD000887BD /* DateManager.swift */ = {isa = PBXFileReference; lastKnownFileType = sourcecode.swift; path = DateManager.swift; sourceTree = "<group>"; };
		054CB1BB241418E70060C644 /* Year+CoreDataClass.swift */ = {isa = PBXFileReference; lastKnownFileType = sourcecode.swift; path = "Year+CoreDataClass.swift"; sourceTree = "<group>"; };
		054CB1BC241418E70060C644 /* Year+CoreDataProperties.swift */ = {isa = PBXFileReference; lastKnownFileType = sourcecode.swift; path = "Year+CoreDataProperties.swift"; sourceTree = "<group>"; };
		054CB1BF2414190A0060C644 /* Calendar+CoreDataClass.swift */ = {isa = PBXFileReference; lastKnownFileType = sourcecode.swift; path = "Calendar+CoreDataClass.swift"; sourceTree = "<group>"; };
		054CB1C02414190A0060C644 /* Calendar+CoreDataProperties.swift */ = {isa = PBXFileReference; lastKnownFileType = sourcecode.swift; path = "Calendar+CoreDataProperties.swift"; sourceTree = "<group>"; };
		054CB1C12414190A0060C644 /* Month+CoreDataClass.swift */ = {isa = PBXFileReference; lastKnownFileType = sourcecode.swift; path = "Month+CoreDataClass.swift"; sourceTree = "<group>"; };
		054CB1C22414190A0060C644 /* Month+CoreDataProperties.swift */ = {isa = PBXFileReference; lastKnownFileType = sourcecode.swift; path = "Month+CoreDataProperties.swift"; sourceTree = "<group>"; };
		054CB1C52414190A0060C644 /* Event+CoreDataClass.swift */ = {isa = PBXFileReference; lastKnownFileType = sourcecode.swift; path = "Event+CoreDataClass.swift"; sourceTree = "<group>"; };
		054CB1C62414190A0060C644 /* Event+CoreDataProperties.swift */ = {isa = PBXFileReference; lastKnownFileType = sourcecode.swift; path = "Event+CoreDataProperties.swift"; sourceTree = "<group>"; };
		05BEAD8E248C1AF5002DADD4 /* CalendarViewController.storyboard */ = {isa = PBXFileReference; fileEncoding = 4; lastKnownFileType = file.storyboard; path = CalendarViewController.storyboard; sourceTree = "<group>"; };
		05E9C6A7241307A900579AD7 /* DayCell.swift */ = {isa = PBXFileReference; lastKnownFileType = sourcecode.swift; path = DayCell.swift; sourceTree = "<group>"; };
		05FA84DA24141FF8009196F5 /* Months.swift */ = {isa = PBXFileReference; lastKnownFileType = sourcecode.swift; path = Months.swift; sourceTree = "<group>"; };
		05FA84DC24142816009196F5 /* Day+CoreDataClass.swift */ = {isa = PBXFileReference; lastKnownFileType = sourcecode.swift; path = "Day+CoreDataClass.swift"; sourceTree = "<group>"; };
		05FA84DD24142816009196F5 /* Day+CoreDataProperties.swift */ = {isa = PBXFileReference; lastKnownFileType = sourcecode.swift; path = "Day+CoreDataProperties.swift"; sourceTree = "<group>"; };
		05FFD0D42494D5C100557D30 /* cat.gif */ = {isa = PBXFileReference; lastKnownFileType = image.gif; name = cat.gif; path = calendar/Assets.xcassets/cat.dataset/cat.gif; sourceTree = SOURCE_ROOT; };
		05FFD0D62495491900557D30 /* StartupViewController.swift */ = {isa = PBXFileReference; lastKnownFileType = sourcecode.swift; path = StartupViewController.swift; sourceTree = "<group>"; };
/* End PBXFileReference section */

/* Begin PBXFrameworksBuildPhase section */
		052E2B0A240AF2510094DE9A /* Frameworks */ = {
			isa = PBXFrameworksBuildPhase;
			buildActionMask = 2147483647;
			files = (
			);
			runOnlyForDeploymentPostprocessing = 0;
		};
		052E2B23240AF2540094DE9A /* Frameworks */ = {
			isa = PBXFrameworksBuildPhase;
			buildActionMask = 2147483647;
			files = (
			);
			runOnlyForDeploymentPostprocessing = 0;
		};
		052E2B2E240AF2540094DE9A /* Frameworks */ = {
			isa = PBXFrameworksBuildPhase;
			buildActionMask = 2147483647;
			files = (
			);
			runOnlyForDeploymentPostprocessing = 0;
		};
/* End PBXFrameworksBuildPhase section */

/* Begin PBXGroup section */
		050A8EF82416DDD900672735 /* Fonts */ = {
			isa = PBXGroup;
			children = (
				05FFD0D42494D5C100557D30 /* cat.gif */,
				050A8F082416DDE800672735 /* Roboto-Black.ttf */,
				050A8F052416DDE800672735 /* Roboto-BlackItalic.ttf */,
				050A8EFA2416DDE700672735 /* Roboto-Bold.ttf */,
				050A8EF92416DDE700672735 /* Roboto-BoldCondensed.ttf */,
				050A8EFD2416DDE700672735 /* Roboto-BoldCondensedItalic.ttf */,
				050A8F032416DDE800672735 /* Roboto-BoldItalic.ttf */,
				050A8EFB2416DDE700672735 /* Roboto-Condensed.ttf */,
				050A8EFC2416DDE700672735 /* Roboto-CondensedItalic.ttf */,
				050A8F002416DDE800672735 /* Roboto-Italic.ttf */,
				050A8F042416DDE800672735 /* Roboto-Light.ttf */,
				050A8F072416DDE800672735 /* Roboto-LightItalic.ttf */,
				050A8F092416DDE800672735 /* Roboto-Medium.ttf */,
				050A8F022416DDE800672735 /* Roboto-MediumItalic.ttf */,
				050A8EFF2416DDE700672735 /* Roboto-Regular.ttf */,
				050A8F062416DDE800672735 /* Roboto-Thin.ttf */,
				050A8EFE2416DDE700672735 /* Roboto-ThinItalic.ttf */,
				052E2B6D240B14190094DE9A /* Rightland.otf */,
			);
			path = Fonts;
			sourceTree = "<group>";
		};
		0515DAC02419897700979117 /* All Months */ = {
			isa = PBXGroup;
			children = (
				052E2B52240AF4690094DE9A /* CalendarViewController.swift */,
				05BEAD8E248C1AF5002DADD4 /* CalendarViewController.storyboard */,
				0515DACE2419900D00979117 /* MonthsDataSource.swift */,
				0515DACC2419900500979117 /* MonthsDelegate.swift */,
			);
			path = "All Months";
			sourceTree = "<group>";
		};
		0515DAC1241989A700979117 /* Active Month */ = {
			isa = PBXGroup;
			children = (
				0515DAC524198AE300979117 /* ActiveMonthDataSource.swift */,
				0515DAC724198B3300979117 /* ActiveMonthDelegate.swift */,
				0515DAD0241994FF00979117 /* MonthCell.swift */,
				05E9C6A7241307A900579AD7 /* DayCell.swift */,
			);
			path = "Active Month";
			sourceTree = "<group>";
		};
		0515DAC2241989AD00979117 /* Active Day */ = {
			isa = PBXGroup;
			children = (
				0515DAC324198A1600979117 /* ActiveDayDelegateDataSource.swift */,
				050A8EF22416D00D00672735 /* CalendarEventsCell.swift */,
			);
			path = "Active Day";
			sourceTree = "<group>";
		};
		0515DAC924198C0E00979117 /* AddToCalendar */ = {
			isa = PBXGroup;
			children = (
				050A8F1B2416E87A00672735 /* AddToCalendarViewController.swift */,
			);
			path = AddToCalendar;
			sourceTree = "<group>";
		};
		052E2B04240AF2510094DE9A = {
			isa = PBXGroup;
			children = (
				052E2B0F240AF2510094DE9A /* calendar */,
				052E2B29240AF2540094DE9A /* calendarTests */,
				052E2B34240AF2540094DE9A /* calendarUITests */,
				052E2B0E240AF2510094DE9A /* Products */,
			);
			sourceTree = "<group>";
		};
		052E2B0E240AF2510094DE9A /* Products */ = {
			isa = PBXGroup;
			children = (
				052E2B0D240AF2510094DE9A /* calendar.app */,
				052E2B26240AF2540094DE9A /* calendarTests.xctest */,
				052E2B31240AF2540094DE9A /* calendarUITests.xctest */,
			);
			name = Products;
			sourceTree = "<group>";
		};
		052E2B0F240AF2510094DE9A /* calendar */ = {
			isa = PBXGroup;
			children = (
				052E2B72240B1D150094DE9A /* Main */,
				054CB1BA241418CB0060C644 /* DataModel */,
				0536660B241416A6000887BD /* DataManager */,
				052E2B47240AF3570094DE9A /* HomeSections */,
				05FA84D924141FE1009196F5 /* Misc */,
				052E2B45240AF2FB0094DE9A /* TodaySection */,
				052E2B43240AF2AD0094DE9A /* Calendar */,
				052E2B46240AF31B0094DE9A /* Settings */,
				052E2B44240AF2B50094DE9A /* UpcomingEvents */,
				052E2B6F240B14C70094DE9A /* HelperClasses */,
				050A8EF82416DDD900672735 /* Fonts */,
				052E2B1C240AF2530094DE9A /* Assets.xcassets */,
				052E2B1E240AF2530094DE9A /* LaunchScreen.storyboard */,
				052E2B21240AF2530094DE9A /* Info.plist */,
				052E2B19240AF2510094DE9A /* calendar.xcdatamodeld */,
			);
			path = calendar;
			sourceTree = "<group>";
		};
		052E2B29240AF2540094DE9A /* calendarTests */ = {
			isa = PBXGroup;
			children = (
				052E2B2A240AF2540094DE9A /* calendarTests.swift */,
				052E2B2C240AF2540094DE9A /* Info.plist */,
			);
			path = calendarTests;
			sourceTree = "<group>";
		};
		052E2B34240AF2540094DE9A /* calendarUITests */ = {
			isa = PBXGroup;
			children = (
				052E2B35240AF2540094DE9A /* calendarUITests.swift */,
				052E2B37240AF2540094DE9A /* Info.plist */,
			);
			path = calendarUITests;
			sourceTree = "<group>";
		};
		052E2B43240AF2AD0094DE9A /* Calendar */ = {
			isa = PBXGroup;
			children = (
				0515DAC924198C0E00979117 /* AddToCalendar */,
				0515DAC2241989AD00979117 /* Active Day */,
				0515DAC1241989A700979117 /* Active Month */,
				0515DAC02419897700979117 /* All Months */,
			);
			path = Calendar;
			sourceTree = "<group>";
		};
		052E2B44240AF2B50094DE9A /* UpcomingEvents */ = {
			isa = PBXGroup;
			children = (
				052E2B50240AF4600094DE9A /* UpcomingEventsViewController.swift */,
			);
			path = UpcomingEvents;
			sourceTree = "<group>";
		};
		052E2B45240AF2FB0094DE9A /* TodaySection */ = {
			isa = PBXGroup;
			children = (
				052E2B4E240AF4540094DE9A /* TodaySectionViewController.swift */,
				052E2B58240B0ADC0094DE9A /* TodaySectionViewController.storyboard */,
			);
			path = TodaySection;
			sourceTree = "<group>";
		};
		052E2B46240AF31B0094DE9A /* Settings */ = {
			isa = PBXGroup;
			children = (
				052E2B4C240AF44A0094DE9A /* SettingsViewController.swift */,
			);
			path = Settings;
			sourceTree = "<group>";
		};
		052E2B47240AF3570094DE9A /* HomeSections */ = {
			isa = PBXGroup;
			children = (
				052E2B4A240AF4040094DE9A /* HomeSectionPagingViewController.swift */,
				052E2B76240B21790094DE9A /* AvatarCollectionViewCell.swift */,
			);
			path = HomeSections;
			sourceTree = "<group>";
		};
		052E2B6F240B14C70094DE9A /* HelperClasses */ = {
			isa = PBXGroup;
			children = (
				052E2B70240B14DE0094DE9A /* GradientView.swift */,
			);
			path = HelperClasses;
			sourceTree = "<group>";
		};
		052E2B72240B1D150094DE9A /* Main */ = {
			isa = PBXGroup;
			children = (
				052E2B10240AF2510094DE9A /* AppDelegate.swift */,
				052E2B16240AF2510094DE9A /* Main.storyboard */,
				052E2B74240B1D6B0094DE9A /* SetupViewController.swift */,
				05FFD0D62495491900557D30 /* StartupViewController.swift */,
			);
			path = Main;
			sourceTree = "<group>";
		};
		0536660B241416A6000887BD /* DataManager */ = {
			isa = PBXGroup;
			children = (
				0515DACA24198CFB00979117 /* CalendarDataManager.swift */,
				053665EE24140107000887BD /* CoreDataManager.swift */,
				053665F0241405FD000887BD /* DateManager.swift */,
			);
			path = DataManager;
			sourceTree = "<group>";
		};
		054CB1BA241418CB0060C644 /* DataModel */ = {
			isa = PBXGroup;
			children = (
				054CB1BF2414190A0060C644 /* Calendar+CoreDataClass.swift */,
				054CB1C02414190A0060C644 /* Calendar+CoreDataProperties.swift */,
				05FA84DC24142816009196F5 /* Day+CoreDataClass.swift */,
				05FA84DD24142816009196F5 /* Day+CoreDataProperties.swift */,
				054CB1C12414190A0060C644 /* Month+CoreDataClass.swift */,
				054CB1C22414190A0060C644 /* Month+CoreDataProperties.swift */,
				054CB1C52414190A0060C644 /* Event+CoreDataClass.swift */,
				054CB1C62414190A0060C644 /* Event+CoreDataProperties.swift */,
				054CB1BB241418E70060C644 /* Year+CoreDataClass.swift */,
				054CB1BC241418E70060C644 /* Year+CoreDataProperties.swift */,
			);
			path = DataModel;
			sourceTree = "<group>";
		};
		05FA84D924141FE1009196F5 /* Misc */ = {
			isa = PBXGroup;
			children = (
				05FA84DA24141FF8009196F5 /* Months.swift */,
			);
			path = Misc;
			sourceTree = "<group>";
		};
/* End PBXGroup section */

/* Begin PBXNativeTarget section */
		052E2B0C240AF2510094DE9A /* calendar */ = {
			isa = PBXNativeTarget;
			buildConfigurationList = 052E2B3A240AF2540094DE9A /* Build configuration list for PBXNativeTarget "calendar" */;
			buildPhases = (
				052E2B09240AF2510094DE9A /* Sources */,
				052E2B0A240AF2510094DE9A /* Frameworks */,
				052E2B0B240AF2510094DE9A /* Resources */,
			);
			buildRules = (
			);
			dependencies = (
			);
			name = calendar;
			productName = calendar;
			productReference = 052E2B0D240AF2510094DE9A /* calendar.app */;
			productType = "com.apple.product-type.application";
		};
		052E2B25240AF2540094DE9A /* calendarTests */ = {
			isa = PBXNativeTarget;
			buildConfigurationList = 052E2B3D240AF2540094DE9A /* Build configuration list for PBXNativeTarget "calendarTests" */;
			buildPhases = (
				052E2B22240AF2540094DE9A /* Sources */,
				052E2B23240AF2540094DE9A /* Frameworks */,
				052E2B24240AF2540094DE9A /* Resources */,
			);
			buildRules = (
			);
			dependencies = (
				052E2B28240AF2540094DE9A /* PBXTargetDependency */,
			);
			name = calendarTests;
			productName = calendarTests;
			productReference = 052E2B26240AF2540094DE9A /* calendarTests.xctest */;
			productType = "com.apple.product-type.bundle.unit-test";
		};
		052E2B30240AF2540094DE9A /* calendarUITests */ = {
			isa = PBXNativeTarget;
			buildConfigurationList = 052E2B40240AF2540094DE9A /* Build configuration list for PBXNativeTarget "calendarUITests" */;
			buildPhases = (
				052E2B2D240AF2540094DE9A /* Sources */,
				052E2B2E240AF2540094DE9A /* Frameworks */,
				052E2B2F240AF2540094DE9A /* Resources */,
			);
			buildRules = (
			);
			dependencies = (
				052E2B33240AF2540094DE9A /* PBXTargetDependency */,
			);
			name = calendarUITests;
			productName = calendarUITests;
			productReference = 052E2B31240AF2540094DE9A /* calendarUITests.xctest */;
			productType = "com.apple.product-type.bundle.ui-testing";
		};
/* End PBXNativeTarget section */

/* Begin PBXProject section */
		052E2B05240AF2510094DE9A /* Project object */ = {
			isa = PBXProject;
			attributes = {
				LastSwiftUpdateCheck = 1130;
				LastUpgradeCheck = 1130;
				ORGANIZATIONNAME = Jessops;
				TargetAttributes = {
					052E2B0C240AF2510094DE9A = {
						CreatedOnToolsVersion = 11.3.1;
					};
					052E2B25240AF2540094DE9A = {
						CreatedOnToolsVersion = 11.3.1;
						TestTargetID = 052E2B0C240AF2510094DE9A;
					};
					052E2B30240AF2540094DE9A = {
						CreatedOnToolsVersion = 11.3.1;
						TestTargetID = 052E2B0C240AF2510094DE9A;
					};
				};
			};
			buildConfigurationList = 052E2B08240AF2510094DE9A /* Build configuration list for PBXProject "calendar" */;
			compatibilityVersion = "Xcode 9.3";
			developmentRegion = en;
			hasScannedForEncodings = 0;
			knownRegions = (
				en,
				Base,
			);
			mainGroup = 052E2B04240AF2510094DE9A;
			productRefGroup = 052E2B0E240AF2510094DE9A /* Products */;
			projectDirPath = "";
			projectRoot = "";
			targets = (
				052E2B0C240AF2510094DE9A /* calendar */,
				052E2B25240AF2540094DE9A /* calendarTests */,
				052E2B30240AF2540094DE9A /* calendarUITests */,
			);
		};
/* End PBXProject section */

/* Begin PBXResourcesBuildPhase section */
		052E2B0B240AF2510094DE9A /* Resources */ = {
			isa = PBXResourcesBuildPhase;
			buildActionMask = 2147483647;
			files = (
				050A8F142416DDE800672735 /* Roboto-BoldItalic.ttf in Resources */,
				050A8F0F2416DDE800672735 /* Roboto-ThinItalic.ttf in Resources */,
				050A8F182416DDE800672735 /* Roboto-LightItalic.ttf in Resources */,
				052E2B20240AF2530094DE9A /* LaunchScreen.storyboard in Resources */,
				052E2B59240B0ADC0094DE9A /* TodaySectionViewController.storyboard in Resources */,
				050A8F192416DDE800672735 /* Roboto-Black.ttf in Resources */,
				050A8F0C2416DDE800672735 /* Roboto-Condensed.ttf in Resources */,
				052E2B6E240B14190094DE9A /* Rightland.otf in Resources */,
				050A8F0A2416DDE800672735 /* Roboto-BoldCondensed.ttf in Resources */,
				050A8F0E2416DDE800672735 /* Roboto-BoldCondensedItalic.ttf in Resources */,
				050A8F172416DDE800672735 /* Roboto-Thin.ttf in Resources */,
				05FFD0D52494D5C200557D30 /* cat.gif in Resources */,
				050A8F1A2416DDE800672735 /* Roboto-Medium.ttf in Resources */,
				050A8F162416DDE800672735 /* Roboto-BlackItalic.ttf in Resources */,
				050A8F152416DDE800672735 /* Roboto-Light.ttf in Resources */,
				050A8F0D2416DDE800672735 /* Roboto-CondensedItalic.ttf in Resources */,
				052E2B1D240AF2530094DE9A /* Assets.xcassets in Resources */,
				05BEAD8F248C1AF5002DADD4 /* CalendarViewController.storyboard in Resources */,
				050A8F102416DDE800672735 /* Roboto-Regular.ttf in Resources */,
				050A8F132416DDE800672735 /* Roboto-MediumItalic.ttf in Resources */,
				050A8F112416DDE800672735 /* Roboto-Italic.ttf in Resources */,
				050A8F0B2416DDE800672735 /* Roboto-Bold.ttf in Resources */,
				052E2B18240AF2510094DE9A /* Main.storyboard in Resources */,
			);
			runOnlyForDeploymentPostprocessing = 0;
		};
		052E2B24240AF2540094DE9A /* Resources */ = {
			isa = PBXResourcesBuildPhase;
			buildActionMask = 2147483647;
			files = (
			);
			runOnlyForDeploymentPostprocessing = 0;
		};
		052E2B2F240AF2540094DE9A /* Resources */ = {
			isa = PBXResourcesBuildPhase;
			buildActionMask = 2147483647;
			files = (
			);
			runOnlyForDeploymentPostprocessing = 0;
		};
/* End PBXResourcesBuildPhase section */

/* Begin PBXSourcesBuildPhase section */
		052E2B09240AF2510094DE9A /* Sources */ = {
			isa = PBXSourcesBuildPhase;
			buildActionMask = 2147483647;
			files = (
				052E2B53240AF4690094DE9A /* CalendarViewController.swift in Sources */,
				052E2B4F240AF4540094DE9A /* TodaySectionViewController.swift in Sources */,
				052E2B51240AF4600094DE9A /* UpcomingEventsViewController.swift in Sources */,
				0515DAC624198AE300979117 /* ActiveMonthDataSource.swift in Sources */,
				052E2B11240AF2510094DE9A /* AppDelegate.swift in Sources */,
				050A8EF32416D00D00672735 /* CalendarEventsCell.swift in Sources */,
				052E2B75240B1D6B0094DE9A /* SetupViewController.swift in Sources */,
				054CB1C72414190A0060C644 /* Calendar+CoreDataClass.swift in Sources */,
				052E2B77240B21790094DE9A /* AvatarCollectionViewCell.swift in Sources */,
				0515DAD1241994FF00979117 /* MonthCell.swift in Sources */,
				054CB1CD2414190A0060C644 /* Event+CoreDataClass.swift in Sources */,
				0515DAC424198A1600979117 /* ActiveDayDelegateDataSource.swift in Sources */,
				05FA84DF24142816009196F5 /* Day+CoreDataProperties.swift in Sources */,
				053665EF24140107000887BD /* CoreDataManager.swift in Sources */,
				054CB1BE241418E70060C644 /* Year+CoreDataProperties.swift in Sources */,
				05E9C6A8241307A900579AD7 /* DayCell.swift in Sources */,
				054CB1C82414190A0060C644 /* Calendar+CoreDataProperties.swift in Sources */,
				052E2B4B240AF4040094DE9A /* HomeSectionPagingViewController.swift in Sources */,
				054CB1CE2414190A0060C644 /* Event+CoreDataProperties.swift in Sources */,
				0515DACD2419900500979117 /* MonthsDelegate.swift in Sources */,
				052E2B4D240AF44A0094DE9A /* SettingsViewController.swift in Sources */,
				05FA84DB24141FF8009196F5 /* Months.swift in Sources */,
				0515DACF2419900D00979117 /* MonthsDataSource.swift in Sources */,
				05FA84DE24142816009196F5 /* Day+CoreDataClass.swift in Sources */,
				05FFD0D72495491900557D30 /* StartupViewController.swift in Sources */,
				054CB1BD241418E70060C644 /* Year+CoreDataClass.swift in Sources */,
				052E2B1B240AF2510094DE9A /* calendar.xcdatamodeld in Sources */,
				054CB1CA2414190A0060C644 /* Month+CoreDataProperties.swift in Sources */,
				0515DAC824198B3300979117 /* ActiveMonthDelegate.swift in Sources */,
				053665F1241405FD000887BD /* DateManager.swift in Sources */,
				054CB1C92414190A0060C644 /* Month+CoreDataClass.swift in Sources */,
				0515DACB24198CFB00979117 /* CalendarDataManager.swift in Sources */,
				052E2B71240B14DE0094DE9A /* GradientView.swift in Sources */,
				050A8F1C2416E87A00672735 /* AddToCalendarViewController.swift in Sources */,
			);
			runOnlyForDeploymentPostprocessing = 0;
		};
		052E2B22240AF2540094DE9A /* Sources */ = {
			isa = PBXSourcesBuildPhase;
			buildActionMask = 2147483647;
			files = (
				052E2B2B240AF2540094DE9A /* calendarTests.swift in Sources */,
			);
			runOnlyForDeploymentPostprocessing = 0;
		};
		052E2B2D240AF2540094DE9A /* Sources */ = {
			isa = PBXSourcesBuildPhase;
			buildActionMask = 2147483647;
			files = (
				052E2B36240AF2540094DE9A /* calendarUITests.swift in Sources */,
			);
			runOnlyForDeploymentPostprocessing = 0;
		};
/* End PBXSourcesBuildPhase section */

/* Begin PBXTargetDependency section */
		052E2B28240AF2540094DE9A /* PBXTargetDependency */ = {
			isa = PBXTargetDependency;
			target = 052E2B0C240AF2510094DE9A /* calendar */;
			targetProxy = 052E2B27240AF2540094DE9A /* PBXContainerItemProxy */;
		};
		052E2B33240AF2540094DE9A /* PBXTargetDependency */ = {
			isa = PBXTargetDependency;
			target = 052E2B0C240AF2510094DE9A /* calendar */;
			targetProxy = 052E2B32240AF2540094DE9A /* PBXContainerItemProxy */;
		};
/* End PBXTargetDependency section */

/* Begin PBXVariantGroup section */
		052E2B16240AF2510094DE9A /* Main.storyboard */ = {
			isa = PBXVariantGroup;
			children = (
				052E2B17240AF2510094DE9A /* Base */,
			);
			name = Main.storyboard;
			sourceTree = "<group>";
		};
		052E2B1E240AF2530094DE9A /* LaunchScreen.storyboard */ = {
			isa = PBXVariantGroup;
			children = (
				052E2B1F240AF2530094DE9A /* Base */,
			);
			name = LaunchScreen.storyboard;
			sourceTree = "<group>";
		};
/* End PBXVariantGroup section */

/* Begin XCBuildConfiguration section */
		052E2B38240AF2540094DE9A /* Debug */ = {
			isa = XCBuildConfiguration;
			buildSettings = {
				ALWAYS_SEARCH_USER_PATHS = NO;
				CLANG_ANALYZER_NONNULL = YES;
				CLANG_ANALYZER_NUMBER_OBJECT_CONVERSION = YES_AGGRESSIVE;
				CLANG_CXX_LANGUAGE_STANDARD = "gnu++14";
				CLANG_CXX_LIBRARY = "libc++";
				CLANG_ENABLE_MODULES = YES;
				CLANG_ENABLE_OBJC_ARC = YES;
				CLANG_ENABLE_OBJC_WEAK = YES;
				CLANG_WARN_BLOCK_CAPTURE_AUTORELEASING = YES;
				CLANG_WARN_BOOL_CONVERSION = YES;
				CLANG_WARN_COMMA = YES;
				CLANG_WARN_CONSTANT_CONVERSION = YES;
				CLANG_WARN_DEPRECATED_OBJC_IMPLEMENTATIONS = YES;
				CLANG_WARN_DIRECT_OBJC_ISA_USAGE = YES_ERROR;
				CLANG_WARN_DOCUMENTATION_COMMENTS = YES;
				CLANG_WARN_EMPTY_BODY = YES;
				CLANG_WARN_ENUM_CONVERSION = YES;
				CLANG_WARN_INFINITE_RECURSION = YES;
				CLANG_WARN_INT_CONVERSION = YES;
				CLANG_WARN_NON_LITERAL_NULL_CONVERSION = YES;
				CLANG_WARN_OBJC_IMPLICIT_RETAIN_SELF = YES;
				CLANG_WARN_OBJC_LITERAL_CONVERSION = YES;
				CLANG_WARN_OBJC_ROOT_CLASS = YES_ERROR;
				CLANG_WARN_RANGE_LOOP_ANALYSIS = YES;
				CLANG_WARN_STRICT_PROTOTYPES = YES;
				CLANG_WARN_SUSPICIOUS_MOVE = YES;
				CLANG_WARN_UNGUARDED_AVAILABILITY = YES_AGGRESSIVE;
				CLANG_WARN_UNREACHABLE_CODE = YES;
				CLANG_WARN__DUPLICATE_METHOD_MATCH = YES;
				COPY_PHASE_STRIP = NO;
				DEBUG_INFORMATION_FORMAT = dwarf;
				ENABLE_STRICT_OBJC_MSGSEND = YES;
				ENABLE_TESTABILITY = YES;
				GCC_C_LANGUAGE_STANDARD = gnu11;
				GCC_DYNAMIC_NO_PIC = NO;
				GCC_NO_COMMON_BLOCKS = YES;
				GCC_OPTIMIZATION_LEVEL = 0;
				GCC_PREPROCESSOR_DEFINITIONS = (
					"DEBUG=1",
					"$(inherited)",
				);
				GCC_WARN_64_TO_32_BIT_CONVERSION = YES;
				GCC_WARN_ABOUT_RETURN_TYPE = YES_ERROR;
				GCC_WARN_UNDECLARED_SELECTOR = YES;
				GCC_WARN_UNINITIALIZED_AUTOS = YES_AGGRESSIVE;
				GCC_WARN_UNUSED_FUNCTION = YES;
				GCC_WARN_UNUSED_VARIABLE = YES;
				IPHONEOS_DEPLOYMENT_TARGET = 13.2;
				MTL_ENABLE_DEBUG_INFO = INCLUDE_SOURCE;
				MTL_FAST_MATH = YES;
				ONLY_ACTIVE_ARCH = YES;
				SDKROOT = iphoneos;
				SWIFT_ACTIVE_COMPILATION_CONDITIONS = DEBUG;
				SWIFT_OPTIMIZATION_LEVEL = "-Onone";
			};
			name = Debug;
		};
		052E2B39240AF2540094DE9A /* Release */ = {
			isa = XCBuildConfiguration;
			buildSettings = {
				ALWAYS_SEARCH_USER_PATHS = NO;
				CLANG_ANALYZER_NONNULL = YES;
				CLANG_ANALYZER_NUMBER_OBJECT_CONVERSION = YES_AGGRESSIVE;
				CLANG_CXX_LANGUAGE_STANDARD = "gnu++14";
				CLANG_CXX_LIBRARY = "libc++";
				CLANG_ENABLE_MODULES = YES;
				CLANG_ENABLE_OBJC_ARC = YES;
				CLANG_ENABLE_OBJC_WEAK = YES;
				CLANG_WARN_BLOCK_CAPTURE_AUTORELEASING = YES;
				CLANG_WARN_BOOL_CONVERSION = YES;
				CLANG_WARN_COMMA = YES;
				CLANG_WARN_CONSTANT_CONVERSION = YES;
				CLANG_WARN_DEPRECATED_OBJC_IMPLEMENTATIONS = YES;
				CLANG_WARN_DIRECT_OBJC_ISA_USAGE = YES_ERROR;
				CLANG_WARN_DOCUMENTATION_COMMENTS = YES;
				CLANG_WARN_EMPTY_BODY = YES;
				CLANG_WARN_ENUM_CONVERSION = YES;
				CLANG_WARN_INFINITE_RECURSION = YES;
				CLANG_WARN_INT_CONVERSION = YES;
				CLANG_WARN_NON_LITERAL_NULL_CONVERSION = YES;
				CLANG_WARN_OBJC_IMPLICIT_RETAIN_SELF = YES;
				CLANG_WARN_OBJC_LITERAL_CONVERSION = YES;
				CLANG_WARN_OBJC_ROOT_CLASS = YES_ERROR;
				CLANG_WARN_RANGE_LOOP_ANALYSIS = YES;
				CLANG_WARN_STRICT_PROTOTYPES = YES;
				CLANG_WARN_SUSPICIOUS_MOVE = YES;
				CLANG_WARN_UNGUARDED_AVAILABILITY = YES_AGGRESSIVE;
				CLANG_WARN_UNREACHABLE_CODE = YES;
				CLANG_WARN__DUPLICATE_METHOD_MATCH = YES;
				COPY_PHASE_STRIP = NO;
				DEBUG_INFORMATION_FORMAT = "dwarf-with-dsym";
				ENABLE_NS_ASSERTIONS = NO;
				ENABLE_STRICT_OBJC_MSGSEND = YES;
				GCC_C_LANGUAGE_STANDARD = gnu11;
				GCC_NO_COMMON_BLOCKS = YES;
				GCC_WARN_64_TO_32_BIT_CONVERSION = YES;
				GCC_WARN_ABOUT_RETURN_TYPE = YES_ERROR;
				GCC_WARN_UNDECLARED_SELECTOR = YES;
				GCC_WARN_UNINITIALIZED_AUTOS = YES_AGGRESSIVE;
				GCC_WARN_UNUSED_FUNCTION = YES;
				GCC_WARN_UNUSED_VARIABLE = YES;
				IPHONEOS_DEPLOYMENT_TARGET = 13.2;
				MTL_ENABLE_DEBUG_INFO = NO;
				MTL_FAST_MATH = YES;
				SDKROOT = iphoneos;
				SWIFT_COMPILATION_MODE = wholemodule;
				SWIFT_OPTIMIZATION_LEVEL = "-O";
				VALIDATE_PRODUCT = YES;
			};
			name = Release;
		};
		052E2B3B240AF2540094DE9A /* Debug */ = {
			isa = XCBuildConfiguration;
			buildSettings = {
				ASSETCATALOG_COMPILER_APPICON_NAME = Calendar;
				CODE_SIGN_IDENTITY = "iPhone Developer";
				CODE_SIGN_STYLE = Manual;
				DEVELOPMENT_TEAM = U5FH5JR68H;
				INFOPLIST_FILE = calendar/Info.plist;
				LD_RUNPATH_SEARCH_PATHS = (
					"$(inherited)",
					"@executable_path/Frameworks",
				);
				PRODUCT_BUNDLE_IDENTIFIER = com.pagesuite.core;
				PRODUCT_NAME = "$(TARGET_NAME)";
				PROVISIONING_PROFILE_SPECIFIER = WildCard;
				SWIFT_VERSION = 5.0;
				TARGETED_DEVICE_FAMILY = "1,2";
			};
			name = Debug;
		};
		052E2B3C240AF2540094DE9A /* Release */ = {
			isa = XCBuildConfiguration;
			buildSettings = {
				ASSETCATALOG_COMPILER_APPICON_NAME = Calendar;
				CODE_SIGN_IDENTITY = "iPhone Developer";
				CODE_SIGN_STYLE = Manual;
				DEVELOPMENT_TEAM = U5FH5JR68H;
				INFOPLIST_FILE = calendar/Info.plist;
				LD_RUNPATH_SEARCH_PATHS = (
					"$(inherited)",
					"@executable_path/Frameworks",
				);
				PRODUCT_BUNDLE_IDENTIFIER = com.pagesuite.core;
				PRODUCT_NAME = "$(TARGET_NAME)";
				PROVISIONING_PROFILE_SPECIFIER = WildCard;
				SWIFT_VERSION = 5.0;
				TARGETED_DEVICE_FAMILY = "1,2";
			};
			name = Release;
		};
		052E2B3E240AF2540094DE9A /* Debug */ = {
			isa = XCBuildConfiguration;
			buildSettings = {
				ALWAYS_EMBED_SWIFT_STANDARD_LIBRARIES = YES;
				BUNDLE_LOADER = "$(TEST_HOST)";
				CODE_SIGN_STYLE = Automatic;
				INFOPLIST_FILE = calendarTests/Info.plist;
				IPHONEOS_DEPLOYMENT_TARGET = 13.2;
				LD_RUNPATH_SEARCH_PATHS = (
					"$(inherited)",
					"@executable_path/Frameworks",
					"@loader_path/Frameworks",
				);
				PRODUCT_BUNDLE_IDENTIFIER = adamjessop.calendarTests;
				PRODUCT_NAME = "$(TARGET_NAME)";
				SWIFT_VERSION = 5.0;
				TARGETED_DEVICE_FAMILY = "1,2";
				TEST_HOST = "$(BUILT_PRODUCTS_DIR)/calendar.app/calendar";
			};
			name = Debug;
		};
		052E2B3F240AF2540094DE9A /* Release */ = {
			isa = XCBuildConfiguration;
			buildSettings = {
				ALWAYS_EMBED_SWIFT_STANDARD_LIBRARIES = YES;
				BUNDLE_LOADER = "$(TEST_HOST)";
				CODE_SIGN_STYLE = Automatic;
				INFOPLIST_FILE = calendarTests/Info.plist;
				IPHONEOS_DEPLOYMENT_TARGET = 13.2;
				LD_RUNPATH_SEARCH_PATHS = (
					"$(inherited)",
					"@executable_path/Frameworks",
					"@loader_path/Frameworks",
				);
				PRODUCT_BUNDLE_IDENTIFIER = adamjessop.calendarTests;
				PRODUCT_NAME = "$(TARGET_NAME)";
				SWIFT_VERSION = 5.0;
				TARGETED_DEVICE_FAMILY = "1,2";
				TEST_HOST = "$(BUILT_PRODUCTS_DIR)/calendar.app/calendar";
			};
			name = Release;
		};
		052E2B41240AF2540094DE9A /* Debug */ = {
			isa = XCBuildConfiguration;
			buildSettings = {
				ALWAYS_EMBED_SWIFT_STANDARD_LIBRARIES = YES;
				CODE_SIGN_STYLE = Automatic;
				INFOPLIST_FILE = calendarUITests/Info.plist;
				LD_RUNPATH_SEARCH_PATHS = (
					"$(inherited)",
					"@executable_path/Frameworks",
					"@loader_path/Frameworks",
				);
				PRODUCT_BUNDLE_IDENTIFIER = adamjessop.calendarUITests;
				PRODUCT_NAME = "$(TARGET_NAME)";
				SWIFT_VERSION = 5.0;
				TARGETED_DEVICE_FAMILY = "1,2";
				TEST_TARGET_NAME = calendar;
			};
			name = Debug;
		};
		052E2B42240AF2540094DE9A /* Release */ = {
			isa = XCBuildConfiguration;
			buildSettings = {
				ALWAYS_EMBED_SWIFT_STANDARD_LIBRARIES = YES;
				CODE_SIGN_STYLE = Automatic;
				INFOPLIST_FILE = calendarUITests/Info.plist;
				LD_RUNPATH_SEARCH_PATHS = (
					"$(inherited)",
					"@executable_path/Frameworks",
					"@loader_path/Frameworks",
				);
				PRODUCT_BUNDLE_IDENTIFIER = adamjessop.calendarUITests;
				PRODUCT_NAME = "$(TARGET_NAME)";
				SWIFT_VERSION = 5.0;
				TARGETED_DEVICE_FAMILY = "1,2";
				TEST_TARGET_NAME = calendar;
			};
			name = Release;
		};
/* End XCBuildConfiguration section */

/* Begin XCConfigurationList section */
		052E2B08240AF2510094DE9A /* Build configuration list for PBXProject "calendar" */ = {
			isa = XCConfigurationList;
			buildConfigurations = (
				052E2B38240AF2540094DE9A /* Debug */,
				052E2B39240AF2540094DE9A /* Release */,
			);
			defaultConfigurationIsVisible = 0;
			defaultConfigurationName = Release;
		};
		052E2B3A240AF2540094DE9A /* Build configuration list for PBXNativeTarget "calendar" */ = {
			isa = XCConfigurationList;
			buildConfigurations = (
				052E2B3B240AF2540094DE9A /* Debug */,
				052E2B3C240AF2540094DE9A /* Release */,
			);
			defaultConfigurationIsVisible = 0;
			defaultConfigurationName = Release;
		};
		052E2B3D240AF2540094DE9A /* Build configuration list for PBXNativeTarget "calendarTests" */ = {
			isa = XCConfigurationList;
			buildConfigurations = (
				052E2B3E240AF2540094DE9A /* Debug */,
				052E2B3F240AF2540094DE9A /* Release */,
			);
			defaultConfigurationIsVisible = 0;
			defaultConfigurationName = Release;
		};
		052E2B40240AF2540094DE9A /* Build configuration list for PBXNativeTarget "calendarUITests" */ = {
			isa = XCConfigurationList;
			buildConfigurations = (
				052E2B41240AF2540094DE9A /* Debug */,
				052E2B42240AF2540094DE9A /* Release */,
			);
			defaultConfigurationIsVisible = 0;
			defaultConfigurationName = Release;
		};
/* End XCConfigurationList section */

/* Begin XCVersionGroup section */
		052E2B19240AF2510094DE9A /* calendar.xcdatamodeld */ = {
			isa = XCVersionGroup;
			children = (
				052E2B1A240AF2510094DE9A /* calendar.xcdatamodel */,
			);
			currentVersion = 052E2B1A240AF2510094DE9A /* calendar.xcdatamodel */;
			path = calendar.xcdatamodeld;
			sourceTree = "<group>";
			versionGroupType = wrapper.xcdatamodel;
		};
/* End XCVersionGroup section */
	};
	rootObject = 052E2B05240AF2510094DE9A /* Project object */;
}
